
Microsoft Visual Studio Solution File, Format Version 12.00
# Visual Studio 14
VisualStudioVersion = 14.0.25420.1
MinimumVisualStudioVersion = 10.0.40219.1
Project("{F184B08F-C81C-45F6-A57F-5ABD9991F28F}") = "ERP", "ERP\ERP.vbproj", "{C597AE08-7283-461D-B9DF-7BDF1C973EDB}"
	ProjectSection(ProjectDependencies) = postProject
		{F0329814-CF90-4507-96A4-F98D0D699953} = {F0329814-CF90-4507-96A4-F98D0D699953}
		{77972544-013F-41EC-8A71-3AF119C209BA} = {77972544-013F-41EC-8A71-3AF119C209BA}
		{1BF2F09F-E278-46FD-8C82-38D24BED17CF} = {1BF2F09F-E278-46FD-8C82-38D24BED17CF}
		{DDAAB7AC-75DB-49BD-9337-2DD399E0FF14} = {DDAAB7AC-75DB-49BD-9337-2DD399E0FF14}
	EndProjectSection
EndProject
Project("{F184B08F-C81C-45F6-A57F-5ABD9991F28F}") = "ModuleUploader", "ModuleUploader\ModuleUploader.vbproj", "{DDAAB7AC-75DB-49BD-9337-2DD399E0FF14}"
	ProjectSection(ProjectDependencies) = postProject
		{F0329814-CF90-4507-96A4-F98D0D699953} = {F0329814-CF90-4507-96A4-F98D0D699953}
	EndProjectSection
EndProject
Project("{F184B08F-C81C-45F6-A57F-5ABD9991F28F}") = "DB", "DB\DB.vbproj", "{F0329814-CF90-4507-96A4-F98D0D699953}"
	ProjectSection(ProjectDependencies) = postProject
		{77972544-013F-41EC-8A71-3AF119C209BA} = {77972544-013F-41EC-8A71-3AF119C209BA}
	EndProjectSection
EndProject
Project("{F184B08F-C81C-45F6-A57F-5ABD9991F28F}") = "Crypto", "Crypto\Crypto.vbproj", "{77972544-013F-41EC-8A71-3AF119C209BA}"
EndProject
Project("{F184B08F-C81C-45F6-A57F-5ABD9991F28F}") = "ModuleItem", "ModuleItem\ModuleItem.vbproj", "{50CF178F-A00C-48B7-8B97-D8D468D51F65}"
EndProject
Project("{F184B08F-C81C-45F6-A57F-5ABD9991F28F}") = "ERPModules", "ERPModules\ERPModules.vbproj", "{20F49DD5-681B-4109-9330-663AE90676ED}"
EndProject
Project("{F184B08F-C81C-45F6-A57F-5ABD9991F28F}") = "ModuleScale", "ModuleScale\ModuleScale.vbproj", "{BA5838F9-2D04-43E6-8196-0AEACFE480DE}"
EndProject
Project("{F184B08F-C81C-45F6-A57F-5ABD9991F28F}") = "ExcelReportModule", "ExcelReportModule\ExcelReportModule.vbproj", "{7612677C-6003-4EC3-8A59-074DAB1E8046}"
EndProject
Project("{F184B08F-C81C-45F6-A57F-5ABD9991F28F}") = "ModuleUser", "ModuleUser\ModuleUser.vbproj", "{47257947-18A5-4555-B4AA-C46237C8B744}"
EndProject
Project("{F184B08F-C81C-45F6-A57F-5ABD9991F28F}") = "ModuleCustomer", "ModuleCustomer\ModuleCustomer.vbproj", "{EE1AF721-3164-431B-9DCC-873FE437E2E4}"
EndProject
Project("{F184B08F-C81C-45F6-A57F-5ABD9991F28F}") = "ModuleVendor", "ModuleVendor\ModuleVendor.vbproj", "{598A9CB7-E18F-435F-8DB3-4C676AF155A1}"
EndProject
Project("{F184B08F-C81C-45F6-A57F-5ABD9991F28F}") = "ModuleOrder", "ModuleOrder\ModuleOrder.vbproj", "{01204367-AFC6-4117-A475-B023CBE0F237}"
EndProject
Project("{F184B08F-C81C-45F6-A57F-5ABD9991F28F}") = "ModulePurchase", "ModulePurchase\ModulePurchase.vbproj", "{CF2BF4DC-AE32-42B7-A2B7-9BEEF15E4BE8}"
EndProject
Project("{F184B08F-C81C-45F6-A57F-5ABD9991F28F}") = "ModuleManufacture", "ModuleManufacture\ModuleManufacture.vbproj", "{34BB333D-7668-46A2-91B2-6DBB5F2F91FE}"
EndProject
Project("{F184B08F-C81C-45F6-A57F-5ABD9991F28F}") = "RawPrinter", "RawPrinter\RawPrinter.vbproj", "{1BF2F09F-E278-46FD-8C82-38D24BED17CF}"
EndProject
Project("{F184B08F-C81C-45F6-A57F-5ABD9991F28F}") = "barPrint", "barPrint\barPrint.vbproj", "{8AA5C2BB-4A14-4DFE-9C66-AF762D894DB2}"
EndProject
Project("{F184B08F-C81C-45F6-A57F-5ABD9991F28F}") = "ModuleCosting", "ModuleCosting\ModuleCosting.vbproj", "{0DAFAF2A-A7DB-48A6-B556-96779BF6C163}"
EndProject
Global
	GlobalSection(SolutionConfigurationPlatforms) = preSolution
		Debug|Any CPU = Debug|Any CPU
		Debug|x86 = Debug|x86
		Release|Any CPU = Release|Any CPU
		Release|x86 = Release|x86
	EndGlobalSection
	GlobalSection(ProjectConfigurationPlatforms) = postSolution
		{C597AE08-7283-461D-B9DF-7BDF1C973EDB}.Debug|Any CPU.ActiveCfg = Debug|Any CPU
		{C597AE08-7283-461D-B9DF-7BDF1C973EDB}.Debug|Any CPU.Build.0 = Debug|Any CPU
		{C597AE08-7283-461D-B9DF-7BDF1C973EDB}.Debug|x86.ActiveCfg = Debug|x86
		{C597AE08-7283-461D-B9DF-7BDF1C973EDB}.Debug|x86.Build.0 = Debug|x86
		{C597AE08-7283-461D-B9DF-7BDF1C973EDB}.Release|Any CPU.ActiveCfg = Release|Any CPU
		{C597AE08-7283-461D-B9DF-7BDF1C973EDB}.Release|Any CPU.Build.0 = Release|Any CPU
		{C597AE08-7283-461D-B9DF-7BDF1C973EDB}.Release|x86.ActiveCfg = Release|x86
		{C597AE08-7283-461D-B9DF-7BDF1C973EDB}.Release|x86.Build.0 = Release|x86
		{DDAAB7AC-75DB-49BD-9337-2DD399E0FF14}.Debug|Any CPU.ActiveCfg = Debug|Any CPU
		{DDAAB7AC-75DB-49BD-9337-2DD399E0FF14}.Debug|Any CPU.Build.0 = Debug|Any CPU
		{DDAAB7AC-75DB-49BD-9337-2DD399E0FF14}.Debug|x86.ActiveCfg = Debug|x86
		{DDAAB7AC-75DB-49BD-9337-2DD399E0FF14}.Debug|x86.Build.0 = Debug|x86
		{DDAAB7AC-75DB-49BD-9337-2DD399E0FF14}.Release|Any CPU.ActiveCfg = Release|Any CPU
		{DDAAB7AC-75DB-49BD-9337-2DD399E0FF14}.Release|Any CPU.Build.0 = Release|Any CPU
		{DDAAB7AC-75DB-49BD-9337-2DD399E0FF14}.Release|x86.ActiveCfg = Release|x86
		{DDAAB7AC-75DB-49BD-9337-2DD399E0FF14}.Release|x86.Build.0 = Release|x86
		{F0329814-CF90-4507-96A4-F98D0D699953}.Debug|Any CPU.ActiveCfg = Debug|Any CPU
		{F0329814-CF90-4507-96A4-F98D0D699953}.Debug|Any CPU.Build.0 = Debug|Any CPU
		{F0329814-CF90-4507-96A4-F98D0D699953}.Debug|Any CPU.Deploy.0 = Debug|Any CPU
		{F0329814-CF90-4507-96A4-F98D0D699953}.Debug|x86.ActiveCfg = Debug|x86
		{F0329814-CF90-4507-96A4-F98D0D699953}.Debug|x86.Build.0 = Debug|x86
		{F0329814-CF90-4507-96A4-F98D0D699953}.Release|Any CPU.ActiveCfg = Release|Any CPU
		{F0329814-CF90-4507-96A4-F98D0D699953}.Release|Any CPU.Build.0 = Release|Any CPU
		{F0329814-CF90-4507-96A4-F98D0D699953}.Release|Any CPU.Deploy.0 = Release|Any CPU
		{F0329814-CF90-4507-96A4-F98D0D699953}.Release|x86.ActiveCfg = Release|x86
		{F0329814-CF90-4507-96A4-F98D0D699953}.Release|x86.Build.0 = Release|x86
		{77972544-013F-41EC-8A71-3AF119C209BA}.Debug|Any CPU.ActiveCfg = Debug|Any CPU
		{77972544-013F-41EC-8A71-3AF119C209BA}.Debug|Any CPU.Build.0 = Debug|Any CPU
		{77972544-013F-41EC-8A71-3AF119C209BA}.Debug|x86.ActiveCfg = Debug|x86
		{77972544-013F-41EC-8A71-3AF119C209BA}.Debug|x86.Build.0 = Debug|x86
		{77972544-013F-41EC-8A71-3AF119C209BA}.Release|Any CPU.ActiveCfg = Release|Any CPU
		{77972544-013F-41EC-8A71-3AF119C209BA}.Release|Any CPU.Build.0 = Release|Any CPU
		{77972544-013F-41EC-8A71-3AF119C209BA}.Release|Any CPU.Deploy.0 = Release|Any CPU
		{77972544-013F-41EC-8A71-3AF119C209BA}.Release|x86.ActiveCfg = Release|x86
		{77972544-013F-41EC-8A71-3AF119C209BA}.Release|x86.Build.0 = Release|x86
		{50CF178F-A00C-48B7-8B97-D8D468D51F65}.Debug|Any CPU.ActiveCfg = Debug|Any CPU
		{50CF178F-A00C-48B7-8B97-D8D468D51F65}.Debug|Any CPU.Build.0 = Debug|Any CPU
		{50CF178F-A00C-48B7-8B97-D8D468D51F65}.Debug|x86.ActiveCfg = Debug|x86
		{50CF178F-A00C-48B7-8B97-D8D468D51F65}.Debug|x86.Build.0 = Debug|x86
		{50CF178F-A00C-48B7-8B97-D8D468D51F65}.Release|Any CPU.ActiveCfg = Release|Any CPU
		{50CF178F-A00C-48B7-8B97-D8D468D51F65}.Release|Any CPU.Build.0 = Release|Any CPU
		{50CF178F-A00C-48B7-8B97-D8D468D51F65}.Release|x86.ActiveCfg = Release|x86
		{50CF178F-A00C-48B7-8B97-D8D468D51F65}.Release|x86.Build.0 = Release|x86
		{20F49DD5-681B-4109-9330-663AE90676ED}.Debug|Any CPU.ActiveCfg = Debug|Any CPU
		{20F49DD5-681B-4109-9330-663AE90676ED}.Debug|Any CPU.Build.0 = Debug|Any CPU
		{20F49DD5-681B-4109-9330-663AE90676ED}.Debug|x86.ActiveCfg = Debug|x86
		{20F49DD5-681B-4109-9330-663AE90676ED}.Debug|x86.Build.0 = Debug|x86
		{20F49DD5-681B-4109-9330-663AE90676ED}.Release|Any CPU.ActiveCfg = Release|Any CPU
		{20F49DD5-681B-4109-9330-663AE90676ED}.Release|Any CPU.Build.0 = Release|Any CPU
		{20F49DD5-681B-4109-9330-663AE90676ED}.Release|x86.ActiveCfg = Release|x86
		{20F49DD5-681B-4109-9330-663AE90676ED}.Release|x86.Build.0 = Release|x86
		{BA5838F9-2D04-43E6-8196-0AEACFE480DE}.Debug|Any CPU.ActiveCfg = Debug|Any CPU
		{BA5838F9-2D04-43E6-8196-0AEACFE480DE}.Debug|Any CPU.Build.0 = Debug|Any CPU
		{BA5838F9-2D04-43E6-8196-0AEACFE480DE}.Debug|x86.ActiveCfg = Debug|x86
		{BA5838F9-2D04-43E6-8196-0AEACFE480DE}.Debug|x86.Build.0 = Debug|x86
		{BA5838F9-2D04-43E6-8196-0AEACFE480DE}.Release|Any CPU.ActiveCfg = Release|Any CPU
		{BA5838F9-2D04-43E6-8196-0AEACFE480DE}.Release|Any CPU.Build.0 = Release|Any CPU
		{BA5838F9-2D04-43E6-8196-0AEACFE480DE}.Release|x86.ActiveCfg = Release|x86
		{BA5838F9-2D04-43E6-8196-0AEACFE480DE}.Release|x86.Build.0 = Release|x86
		{7612677C-6003-4EC3-8A59-074DAB1E8046}.Debug|Any CPU.ActiveCfg = Debug|Any CPU
		{7612677C-6003-4EC3-8A59-074DAB1E8046}.Debug|Any CPU.Build.0 = Debug|Any CPU
		{7612677C-6003-4EC3-8A59-074DAB1E8046}.Debug|x86.ActiveCfg = Debug|Any CPU
		{7612677C-6003-4EC3-8A59-074DAB1E8046}.Debug|x86.Build.0 = Debug|Any CPU
		{7612677C-6003-4EC3-8A59-074DAB1E8046}.Release|Any CPU.ActiveCfg = Release|Any CPU
		{7612677C-6003-4EC3-8A59-074DAB1E8046}.Release|Any CPU.Build.0 = Release|Any CPU
		{7612677C-6003-4EC3-8A59-074DAB1E8046}.Release|x86.ActiveCfg = Release|Any CPU
		{7612677C-6003-4EC3-8A59-074DAB1E8046}.Release|x86.Build.0 = Release|Any CPU
		{47257947-18A5-4555-B4AA-C46237C8B744}.Debug|Any CPU.ActiveCfg = Debug|Any CPU
		{47257947-18A5-4555-B4AA-C46237C8B744}.Debug|Any CPU.Build.0 = Debug|Any CPU
		{47257947-18A5-4555-B4AA-C46237C8B744}.Debug|x86.ActiveCfg = Debug|Any CPU
		{47257947-18A5-4555-B4AA-C46237C8B744}.Debug|x86.Build.0 = Debug|Any CPU
		{47257947-18A5-4555-B4AA-C46237C8B744}.Release|Any CPU.ActiveCfg = Release|Any CPU
		{47257947-18A5-4555-B4AA-C46237C8B744}.Release|Any CPU.Build.0 = Release|Any CPU
		{47257947-18A5-4555-B4AA-C46237C8B744}.Release|x86.ActiveCfg = Release|Any CPU
		{47257947-18A5-4555-B4AA-C46237C8B744}.Release|x86.Build.0 = Release|Any CPU
		{EE1AF721-3164-431B-9DCC-873FE437E2E4}.Debug|Any CPU.ActiveCfg = Debug|Any CPU
		{EE1AF721-3164-431B-9DCC-873FE437E2E4}.Debug|Any CPU.Build.0 = Debug|Any CPU
		{EE1AF721-3164-431B-9DCC-873FE437E2E4}.Debug|x86.ActiveCfg = Debug|Any CPU
		{EE1AF721-3164-431B-9DCC-873FE437E2E4}.Debug|x86.Build.0 = Debug|Any CPU
		{EE1AF721-3164-431B-9DCC-873FE437E2E4}.Release|Any CPU.ActiveCfg = Release|Any CPU
		{EE1AF721-3164-431B-9DCC-873FE437E2E4}.Release|Any CPU.Build.0 = Release|Any CPU
		{EE1AF721-3164-431B-9DCC-873FE437E2E4}.Release|x86.ActiveCfg = Release|Any CPU
		{EE1AF721-3164-431B-9DCC-873FE437E2E4}.Release|x86.Build.0 = Release|Any CPU
		{598A9CB7-E18F-435F-8DB3-4C676AF155A1}.Debug|Any CPU.ActiveCfg = Debug|Any CPU
		{598A9CB7-E18F-435F-8DB3-4C676AF155A1}.Debug|Any CPU.Build.0 = Debug|Any CPU
		{598A9CB7-E18F-435F-8DB3-4C676AF155A1}.Debug|x86.ActiveCfg = Debug|Any CPU
		{598A9CB7-E18F-435F-8DB3-4C676AF155A1}.Debug|x86.Build.0 = Debug|Any CPU
		{598A9CB7-E18F-435F-8DB3-4C676AF155A1}.Release|Any CPU.ActiveCfg = Release|Any CPU
		{598A9CB7-E18F-435F-8DB3-4C676AF155A1}.Release|Any CPU.Build.0 = Release|Any CPU
		{598A9CB7-E18F-435F-8DB3-4C676AF155A1}.Release|x86.ActiveCfg = Release|Any CPU
		{598A9CB7-E18F-435F-8DB3-4C676AF155A1}.Release|x86.Build.0 = Release|Any CPU
		{01204367-AFC6-4117-A475-B023CBE0F237}.Debug|Any CPU.ActiveCfg = Debug|Any CPU
		{01204367-AFC6-4117-A475-B023CBE0F237}.Debug|Any CPU.Build.0 = Debug|Any CPU
		{01204367-AFC6-4117-A475-B023CBE0F237}.Debug|x86.ActiveCfg = Debug|Any CPU
		{01204367-AFC6-4117-A475-B023CBE0F237}.Debug|x86.Build.0 = Debug|Any CPU
		{01204367-AFC6-4117-A475-B023CBE0F237}.Release|Any CPU.ActiveCfg = Release|Any CPU
		{01204367-AFC6-4117-A475-B023CBE0F237}.Release|Any CPU.Build.0 = Release|Any CPU
		{01204367-AFC6-4117-A475-B023CBE0F237}.Release|x86.ActiveCfg = Release|Any CPU
		{01204367-AFC6-4117-A475-B023CBE0F237}.Release|x86.Build.0 = Release|Any CPU
		{CF2BF4DC-AE32-42B7-A2B7-9BEEF15E4BE8}.Debug|Any CPU.ActiveCfg = Debug|Any CPU
		{CF2BF4DC-AE32-42B7-A2B7-9BEEF15E4BE8}.Debug|Any CPU.Build.0 = Debug|Any CPU
		{CF2BF4DC-AE32-42B7-A2B7-9BEEF15E4BE8}.Debug|x86.ActiveCfg = Debug|Any CPU
		{CF2BF4DC-AE32-42B7-A2B7-9BEEF15E4BE8}.Debug|x86.Build.0 = Debug|Any CPU
		{CF2BF4DC-AE32-42B7-A2B7-9BEEF15E4BE8}.Release|Any CPU.ActiveCfg = Release|Any CPU
		{CF2BF4DC-AE32-42B7-A2B7-9BEEF15E4BE8}.Release|Any CPU.Build.0 = Release|Any CPU
		{CF2BF4DC-AE32-42B7-A2B7-9BEEF15E4BE8}.Release|x86.ActiveCfg = Release|Any CPU
		{CF2BF4DC-AE32-42B7-A2B7-9BEEF15E4BE8}.Release|x86.Build.0 = Release|Any CPU
		{34BB333D-7668-46A2-91B2-6DBB5F2F91FE}.Debug|Any CPU.ActiveCfg = Debug|Any CPU
		{34BB333D-7668-46A2-91B2-6DBB5F2F91FE}.Debug|Any CPU.Build.0 = Debug|Any CPU
		{34BB333D-7668-46A2-91B2-6DBB5F2F91FE}.Debug|x86.ActiveCfg = Debug|Any CPU
		{34BB333D-7668-46A2-91B2-6DBB5F2F91FE}.Debug|x86.Build.0 = Debug|Any CPU
		{34BB333D-7668-46A2-91B2-6DBB5F2F91FE}.Release|Any CPU.ActiveCfg = Release|Any CPU
		{34BB333D-7668-46A2-91B2-6DBB5F2F91FE}.Release|Any CPU.Build.0 = Release|Any CPU
		{34BB333D-7668-46A2-91B2-6DBB5F2F91FE}.Release|x86.ActiveCfg = Release|Any CPU
		{34BB333D-7668-46A2-91B2-6DBB5F2F91FE}.Release|x86.Build.0 = Release|Any CPU
		{1BF2F09F-E278-46FD-8C82-38D24BED17CF}.Debug|Any CPU.ActiveCfg = Debug|Any CPU
		{1BF2F09F-E278-46FD-8C82-38D24BED17CF}.Debug|Any CPU.Build.0 = Debug|Any CPU
		{1BF2F09F-E278-46FD-8C82-38D24BED17CF}.Debug|x86.ActiveCfg = Debug|Any CPU
		{1BF2F09F-E278-46FD-8C82-38D24BED17CF}.Debug|x86.Build.0 = Debug|Any CPU
		{1BF2F09F-E278-46FD-8C82-38D24BED17CF}.Release|Any CPU.ActiveCfg = Release|Any CPU
		{1BF2F09F-E278-46FD-8C82-38D24BED17CF}.Release|Any CPU.Build.0 = Release|Any CPU
		{1BF2F09F-E278-46FD-8C82-38D24BED17CF}.Release|x86.ActiveCfg = Release|Any CPU
		{1BF2F09F-E278-46FD-8C82-38D24BED17CF}.Release|x86.Build.0 = Release|Any CPU
		{8AA5C2BB-4A14-4DFE-9C66-AF762D894DB2}.Debug|Any CPU.ActiveCfg = Debug|Any CPU
		{8AA5C2BB-4A14-4DFE-9C66-AF762D894DB2}.Debug|Any CPU.Build.0 = Debug|Any CPU
		{8AA5C2BB-4A14-4DFE-9C66-AF762D894DB2}.Debug|x86.ActiveCfg = Debug|Any CPU
		{8AA5C2BB-4A14-4DFE-9C66-AF762D894DB2}.Debug|x86.Build.0 = Debug|Any CPU
		{8AA5C2BB-4A14-4DFE-9C66-AF762D894DB2}.Release|Any CPU.ActiveCfg = Release|Any CPU
		{8AA5C2BB-4A14-4DFE-9C66-AF762D894DB2}.Release|Any CPU.Build.0 = Release|Any CPU
		{8AA5C2BB-4A14-4DFE-9C66-AF762D894DB2}.Release|x86.ActiveCfg = Release|Any CPU
		{8AA5C2BB-4A14-4DFE-9C66-AF762D894DB2}.Release|x86.Build.0 = Release|Any CPU
		{0DAFAF2A-A7DB-48A6-B556-96779BF6C163}.Debug|Any CPU.ActiveCfg = Debug|Any CPU
		{0DAFAF2A-A7DB-48A6-B556-96779BF6C163}.Debug|Any CPU.Build.0 = Debug|Any CPU
		{0DAFAF2A-A7DB-48A6-B556-96779BF6C163}.Debug|x86.ActiveCfg = Debug|Any CPU
		{0DAFAF2A-A7DB-48A6-B556-96779BF6C163}.Debug|x86.Build.0 = Debug|Any CPU
		{0DAFAF2A-A7DB-48A6-B556-96779BF6C163}.Release|Any CPU.ActiveCfg = Release|Any CPU
		{0DAFAF2A-A7DB-48A6-B556-96779BF6C163}.Release|Any CPU.Build.0 = Release|Any CPU
		{0DAFAF2A-A7DB-48A6-B556-96779BF6C163}.Release|x86.ActiveCfg = Release|Any CPU
		{0DAFAF2A-A7DB-48A6-B556-96779BF6C163}.Release|x86.Build.0 = Release|Any CPU
	EndGlobalSection
	GlobalSection(SolutionProperties) = preSolution
		HideSolutionNode = FALSE
	EndGlobalSection
EndGlobal
